
Microsoft Visual Studio Solution File, Format Version 12.00
# Visual Studio Version 16
VisualStudioVersion = 16.0.30621.155
MinimumVisualStudioVersion = 10.0.40219.1
Project("{FAE04EC0-301F-11D3-BF4B-00C04F79EFBC}") = "MyApp03", "MyApp03.csproj", "{5311CD7D-B0C0-406D-94A1-FE02840A777B}"
EndProject
Global
	GlobalSection(SolutionConfigurationPlatforms) = preSolution
		Debug|Any CPU = Debug|Any CPU
		Release|Any CPU = Release|Any CPU
	EndGlobalSection
	GlobalSection(ProjectConfigurationPlatforms) = postSolution
		{5311CD7D-B0C0-406D-94A1-FE02840A777B}.Debug|Any CPU.ActiveCfg = Debug|Any CPU
		{5311CD7D-B0C0-406D-94A1-FE02840A777B}.Debug|Any CPU.Build.0 = Debug|Any CPU
		{5311CD7D-B0C0-406D-94A1-FE02840A777B}.Release|Any CPU.ActiveCfg = Release|Any CPU
		{5311CD7D-B0C0-406D-94A1-FE02840A777B}.Release|Any CPU.Build.0 = Release|Any CPU
	EndGlobalSection
	GlobalSection(SolutionProperties) = preSolution
		HideSolutionNode = FALSE
	EndGlobalSection
	GlobalSection(ExtensibilityGlobals) = postSolution
		SolutionGuid = {2BC9FFB6-0FA4-4CD0-A0FC-8D9527545C0B}
	EndGlobalSection
EndGlobal
